
Microsoft Visual Studio Solution File, Format Version 12.00
# Visual Studio Version 16
VisualStudioVersion = 17.0.31611.283
MinimumVisualStudioVersion = 10.0.40219.1
Project("{9A19103F-16F7-4668-BE54-9A1E7A4F7556}") = "delamain_maui", "delamain_maui\delamain_maui.csproj", "{B8E2B08D-AE4B-494D-834E-E98927554FC7}"
EndProject
Project("{FAE04EC0-301F-11D3-BF4B-00C04F79EFBC}") = "Delamain_backend", "Delamain_backend\Delamain_backend.csproj", "{B5C9E9AD-7FE2-459E-9144-E0C449968BE7}"
EndProject
Project("{FAE04EC0-301F-11D3-BF4B-00C04F79EFBC}") = "Delamain_backend.Tests", "Delamain_backend.Tests\Delamain_backend.Tests.csproj", "{599EB774-520E-4E19-BFF2-BEB2709E2BD0}"
EndProject
Global
	GlobalSection(SolutionConfigurationPlatforms) = preSolution
		Debug|Any CPU = Debug|Any CPU
		Release|Any CPU = Release|Any CPU
	EndGlobalSection
	GlobalSection(ProjectConfigurationPlatforms) = postSolution
		{B8E2B08D-AE4B-494D-834E-E98927554FC7}.Debug|Any CPU.ActiveCfg = Debug|Any CPU
		{B8E2B08D-AE4B-494D-834E-E98927554FC7}.Debug|Any CPU.Build.0 = Debug|Any CPU
		{B8E2B08D-AE4B-494D-834E-E98927554FC7}.Debug|Any CPU.Deploy.0 = Debug|Any CPU
		{B8E2B08D-AE4B-494D-834E-E98927554FC7}.Release|Any CPU.ActiveCfg = Release|Any CPU
		{B8E2B08D-AE4B-494D-834E-E98927554FC7}.Release|Any CPU.Build.0 = Release|Any CPU
		{B8E2B08D-AE4B-494D-834E-E98927554FC7}.Release|Any CPU.Deploy.0 = Release|Any CPU
		{B5C9E9AD-7FE2-459E-9144-E0C449968BE7}.Debug|Any CPU.ActiveCfg = Debug|Any CPU
		{B5C9E9AD-7FE2-459E-9144-E0C449968BE7}.Debug|Any CPU.Build.0 = Debug|Any CPU
		{B5C9E9AD-7FE2-459E-9144-E0C449968BE7}.Release|Any CPU.ActiveCfg = Release|Any CPU
		{B5C9E9AD-7FE2-459E-9144-E0C449968BE7}.Release|Any CPU.Build.0 = Release|Any CPU
		{599EB774-520E-4E19-BFF2-BEB2709E2BD0}.Debug|Any CPU.ActiveCfg = Debug|Any CPU
		{599EB774-520E-4E19-BFF2-BEB2709E2BD0}.Debug|Any CPU.Build.0 = Debug|Any CPU
		{599EB774-520E-4E19-BFF2-BEB2709E2BD0}.Release|Any CPU.ActiveCfg = Release|Any CPU
		{599EB774-520E-4E19-BFF2-BEB2709E2BD0}.Release|Any CPU.Build.0 = Release|Any CPU
	EndGlobalSection
	GlobalSection(SolutionProperties) = preSolution
		HideSolutionNode = FALSE
	EndGlobalSection
	GlobalSection(ExtensibilityGlobals) = postSolution
		SolutionGuid = {61F7FB11-1E47-470C-91E2-47F8143E1572}
	EndGlobalSection
EndGlobal
